
Microsoft Visual Studio Solution File, Format Version 12.00
# Visual Studio 2012
Project("{8BC9CEB8-8B4A-11D0-8D11-00A0C91BC942}") = "zombie_game_2", "zombie_game_2\zombie_game_2.vcxproj", "{2900D6A5-7BDC-4D0A-8FB9-4654D791CD4A}"
EndProject
Global
	GlobalSection(SolutionConfigurationPlatforms) = preSolution
		Debug|Win32 = Debug|Win32
		Release|Win32 = Release|Win32
	EndGlobalSection
	GlobalSection(ProjectConfigurationPlatforms) = postSolution
		{2900D6A5-7BDC-4D0A-8FB9-4654D791CD4A}.Debug|Win32.ActiveCfg = Debug|Win32
		{2900D6A5-7BDC-4D0A-8FB9-4654D791CD4A}.Debug|Win32.Build.0 = Debug|Win32
		{2900D6A5-7BDC-4D0A-8FB9-4654D791CD4A}.Release|Win32.ActiveCfg = Release|Win32
		{2900D6A5-7BDC-4D0A-8FB9-4654D791CD4A}.Release|Win32.Build.0 = Release|Win32
	EndGlobalSection
	GlobalSection(SolutionProperties) = preSolution
		HideSolutionNode = FALSE
	EndGlobalSection
EndGlobal
